{"1.1.0",
[{<<"bear">>,{pkg,<<"bear">>,<<"0.8.3">>},1},
 {<<"ddb_client">>,{pkg,<<"ddb_client">>,<<"0.4.1">>},0},
 {<<"ddb_connection">>,{pkg,<<"ddb_connection">>,<<"0.1.22">>},1},
 {<<"dproto">>,{pkg,<<"dproto">>,<<"0.4.1">>},1},
 {<<"dqe_idx">>,{pkg,<<"dqe_idx">>,<<"0.2.1">>},0},
 {<<"dqe_idx_ddb">>,{pkg,<<"dqe_idx_ddb">>,<<"0.2.4">>},0},
 {<<"dqe_idx_pg">>,{pkg,<<"dqe_idx_pg">>,<<"0.3.6">>},0},
 {<<"epgsql">>,{pkg,<<"epgsql">>,<<"3.3.0">>},2},
 {<<"folsom">>,{pkg,<<"folsom">>,<<"0.8.3">>},0},
 {<<"goldrush">>,{pkg,<<"goldrush">>,<<"0.1.9">>},2},
 {<<"jsxd">>,{pkg,<<"jsxd">>,<<"0.2.4">>},2},
 {<<"lager">>,{pkg,<<"lager">>,<<"3.2.4">>},1},
 {<<"mmath">>,{pkg,<<"mmath">>,<<"0.2.16">>},1},
 {<<"pgapp">>,{pkg,<<"pgapp">>,<<"0.0.2">>},1},
 {<<"poolboy">>,{pkg,<<"poolboy">>,<<"1.5.1">>},2},
 {<<"snappiest">>,{pkg,<<"snappiest">>,<<"1.2.0">>},2}]}.
[
{pkg_hash,[
 {<<"bear">>, <<"866002127A97932720A0D475D8582C98EC5FB78DB3A18DFE7EAF91594D9024B8">>},
 {<<"ddb_client">>, <<"39CA1CBB08D18CC1C9154025A99562EE8A5E3D22DD237021CC3AE671E8DD23C4">>},
 {<<"ddb_connection">>, <<"8F8AD477BB96513103BFE9236671F4A697219E896939C8D5C9A6EC3E7ADEC374">>},
 {<<"dproto">>, <<"A34C93BC248C9E06CF9098042EC14BB8B18A046FC5BFF986A128001F7E977C2F">>},
 {<<"dqe_idx">>, <<"6BD1F0DE217DF0B213BD86CDBE19F5EEDBCAF0D5CBD51D955DB574A5C2DBA1EE">>},
 {<<"dqe_idx_ddb">>, <<"2316B160D3EF3AAF2C60213A870D7B6A13C4035BF578DDC52301DA879099420C">>},
 {<<"dqe_idx_pg">>, <<"5B93531BC946E53BED16947ADB01753F54DF6E057AD0B18AD13E603540C9A779">>},
 {<<"epgsql">>, <<"974A578340E52012CBAB820CE756E7ED1DF1BAF0110C59A6753D8337A2CF9454">>},
 {<<"folsom">>, <<"71CFF146152FA95E6092E62119F9DC96888660111E7B61853C8FDCF80598A4E0">>},
 {<<"goldrush">>, <<"F06E5D5F1277DA5C413E84D5A2924174182FB108DABB39D5EC548B27424CD106">>},
 {<<"jsxd">>, <<"C14114AFCA463F2D03D3FB6CC81FD51CDA8CA86A47E5AC3ABDF0CA572A73A413">>},
 {<<"lager">>, <<"A6DEB74DAE7927F46BD13255268308EF03EB206EC784A94EAF7C1C0F3B811615">>},
 {<<"mmath">>, <<"F48E484FE66E5B2F3EAB5F26D3BE7EE9C1000461EB7FB1FF1D2EE76BCED7885E">>},
 {<<"pgapp">>, <<"3E104BB777C8455D8B26D1538B67ABE0188EE97B1DF973FD936C2204CB316196">>},
 {<<"poolboy">>, <<"6B46163901CFD0A1B43D692657ED9D7E599853B3B21B95AE5AE0A777CF9B6CA8">>},
 {<<"snappiest">>, <<"25706FEBB5ECAEA900D879A89C6D967C8D1BF700F8546BEBD0DEA514A8CCBFB7">>}]}
].
